
Microsoft Visual Studio Solution File, Format Version 12.00
# Visual Studio 15
VisualStudioVersion = 15.0.26730.15
MinimumVisualStudioVersion = 10.0.40219.1
Project("{F184B08F-C81C-45F6-A57F-5ABD9991F28F}") = "AutomaticDrawing", "AutomaticDrawing\AutomaticDrawing.vbproj", "{32691263-3086-4B38-984C-0CFAF8469ADA}"
EndProject
Project("{2150E333-8FDC-42A3-9474-1A3956D46DE8}") = "Libraries", "Libraries", "{E487432C-6413-42AB-A5AC-A6814E6AB0D2}"
EndProject
Project("{2150E333-8FDC-42A3-9474-1A3956D46DE8}") = "App", "App", "{078A76AE-9BFF-4C9B-9AFB-F148912593B1}"
EndProject
Project("{778DAE3C-4631-46EA-AA77-85C1314464D9}") = "AutomaticDrawing.Core", "AutomaticDrawing.Core\AutomaticDrawing.Core.vbproj", "{C6B2083C-476C-4E1E-B863-D608DC2CC495}"
EndProject
Project("{778DAE3C-4631-46EA-AA77-85C1314464D9}") = "AutomaticDrawing.Utilities", "AutomaticDrawing.Utilities\AutomaticDrawing.Utilities.vbproj", "{F5582BF7-2A23-413A-BD5D-372C39818D75}"
EndProject
Project("{778DAE3C-4631-46EA-AA77-85C1314464D9}") = "AutomaticDrawing.Recognition.FastAI", "AutomaticDrawing.Recognition.FastAI\AutomaticDrawing.Recognition.FastAI.vbproj", "{7B4A0237-7E31-45F1-AF08-814EE960044A}"
EndProject
Project("{F184B08F-C81C-45F6-A57F-5ABD9991F28F}") = "AutomaticDrawing.Painter.BitmapAnimation", "AutomaticDrawing.Painter.BitmapAnimation\AutomaticDrawing.Painter.BitmapAnimation.vbproj", "{F2A0BD11-C7E0-4B4F-A78C-84165CE497EE}"
EndProject
Project("{F184B08F-C81C-45F6-A57F-5ABD9991F28F}") = "AutomaticDrawing.Painter.MouseAnimation", "AutomaticDrawing.Painter.MouseAnimation\AutomaticDrawing.Painter.MouseAnimation.vbproj", "{0BC31C26-877B-4E28-9ABE-24BAA8173B96}"
EndProject
Project("{F184B08F-C81C-45F6-A57F-5ABD9991F28F}") = "AutomaticDrawing.Utilities.Bitmap", "AutomaticDrawing.Utilities.Bitmap\AutomaticDrawing.Utilities.Bitmap.vbproj", "{F8987A4A-A5FB-4DD3-9C01-BDADF772AC1F}"
EndProject
Project("{F184B08F-C81C-45F6-A57F-5ABD9991F28F}") = "AutomaticDrawing.Utilities.Keyboard", "AutomaticDrawing.Utilities.Keyboard\AutomaticDrawing.Utilities.Keyboard.vbproj", "{84A95E39-57A6-4F18-ACD3-63E78253F28C}"
EndProject
Project("{F184B08F-C81C-45F6-A57F-5ABD9991F28F}") = "AutomaticDrawing.Recognition.Clustering", "AutomaticDrawing.Recognition.Clustering\AutomaticDrawing.Recognition.Clustering.vbproj", "{43E01407-449C-45D8-9208-FC53079889D5}"
EndProject
Global
	GlobalSection(SolutionConfigurationPlatforms) = preSolution
		Debug|Any CPU = Debug|Any CPU
		Release|Any CPU = Release|Any CPU
	EndGlobalSection
	GlobalSection(ProjectConfigurationPlatforms) = postSolution
		{32691263-3086-4B38-984C-0CFAF8469ADA}.Debug|Any CPU.ActiveCfg = Debug|Any CPU
		{32691263-3086-4B38-984C-0CFAF8469ADA}.Debug|Any CPU.Build.0 = Debug|Any CPU
		{32691263-3086-4B38-984C-0CFAF8469ADA}.Release|Any CPU.ActiveCfg = Release|Any CPU
		{32691263-3086-4B38-984C-0CFAF8469ADA}.Release|Any CPU.Build.0 = Release|Any CPU
		{C6B2083C-476C-4E1E-B863-D608DC2CC495}.Debug|Any CPU.ActiveCfg = Debug|Any CPU
		{C6B2083C-476C-4E1E-B863-D608DC2CC495}.Debug|Any CPU.Build.0 = Debug|Any CPU
		{C6B2083C-476C-4E1E-B863-D608DC2CC495}.Release|Any CPU.ActiveCfg = Release|Any CPU
		{C6B2083C-476C-4E1E-B863-D608DC2CC495}.Release|Any CPU.Build.0 = Release|Any CPU
		{F5582BF7-2A23-413A-BD5D-372C39818D75}.Debug|Any CPU.ActiveCfg = Debug|Any CPU
		{F5582BF7-2A23-413A-BD5D-372C39818D75}.Debug|Any CPU.Build.0 = Debug|Any CPU
		{F5582BF7-2A23-413A-BD5D-372C39818D75}.Release|Any CPU.ActiveCfg = Release|Any CPU
		{F5582BF7-2A23-413A-BD5D-372C39818D75}.Release|Any CPU.Build.0 = Release|Any CPU
		{7B4A0237-7E31-45F1-AF08-814EE960044A}.Debug|Any CPU.ActiveCfg = Debug|Any CPU
		{7B4A0237-7E31-45F1-AF08-814EE960044A}.Debug|Any CPU.Build.0 = Debug|Any CPU
		{7B4A0237-7E31-45F1-AF08-814EE960044A}.Release|Any CPU.ActiveCfg = Release|Any CPU
		{7B4A0237-7E31-45F1-AF08-814EE960044A}.Release|Any CPU.Build.0 = Release|Any CPU
		{F2A0BD11-C7E0-4B4F-A78C-84165CE497EE}.Debug|Any CPU.ActiveCfg = Debug|Any CPU
		{F2A0BD11-C7E0-4B4F-A78C-84165CE497EE}.Debug|Any CPU.Build.0 = Debug|Any CPU
		{F2A0BD11-C7E0-4B4F-A78C-84165CE497EE}.Release|Any CPU.ActiveCfg = Release|Any CPU
		{F2A0BD11-C7E0-4B4F-A78C-84165CE497EE}.Release|Any CPU.Build.0 = Release|Any CPU
		{0BC31C26-877B-4E28-9ABE-24BAA8173B96}.Debug|Any CPU.ActiveCfg = Debug|Any CPU
		{0BC31C26-877B-4E28-9ABE-24BAA8173B96}.Debug|Any CPU.Build.0 = Debug|Any CPU
		{0BC31C26-877B-4E28-9ABE-24BAA8173B96}.Release|Any CPU.ActiveCfg = Release|Any CPU
		{0BC31C26-877B-4E28-9ABE-24BAA8173B96}.Release|Any CPU.Build.0 = Release|Any CPU
		{F8987A4A-A5FB-4DD3-9C01-BDADF772AC1F}.Debug|Any CPU.ActiveCfg = Debug|Any CPU
		{F8987A4A-A5FB-4DD3-9C01-BDADF772AC1F}.Debug|Any CPU.Build.0 = Debug|Any CPU
		{F8987A4A-A5FB-4DD3-9C01-BDADF772AC1F}.Release|Any CPU.ActiveCfg = Release|Any CPU
		{F8987A4A-A5FB-4DD3-9C01-BDADF772AC1F}.Release|Any CPU.Build.0 = Release|Any CPU
		{84A95E39-57A6-4F18-ACD3-63E78253F28C}.Debug|Any CPU.ActiveCfg = Debug|Any CPU
		{84A95E39-57A6-4F18-ACD3-63E78253F28C}.Debug|Any CPU.Build.0 = Debug|Any CPU
		{84A95E39-57A6-4F18-ACD3-63E78253F28C}.Release|Any CPU.ActiveCfg = Release|Any CPU
		{84A95E39-57A6-4F18-ACD3-63E78253F28C}.Release|Any CPU.Build.0 = Release|Any CPU
		{43E01407-449C-45D8-9208-FC53079889D5}.Debug|Any CPU.ActiveCfg = Debug|Any CPU
		{43E01407-449C-45D8-9208-FC53079889D5}.Debug|Any CPU.Build.0 = Debug|Any CPU
		{43E01407-449C-45D8-9208-FC53079889D5}.Release|Any CPU.ActiveCfg = Release|Any CPU
		{43E01407-449C-45D8-9208-FC53079889D5}.Release|Any CPU.Build.0 = Release|Any CPU
	EndGlobalSection
	GlobalSection(SolutionProperties) = preSolution
		HideSolutionNode = FALSE
	EndGlobalSection
	GlobalSection(NestedProjects) = preSolution
		{32691263-3086-4B38-984C-0CFAF8469ADA} = {078A76AE-9BFF-4C9B-9AFB-F148912593B1}
		{C6B2083C-476C-4E1E-B863-D608DC2CC495} = {E487432C-6413-42AB-A5AC-A6814E6AB0D2}
		{F5582BF7-2A23-413A-BD5D-372C39818D75} = {E487432C-6413-42AB-A5AC-A6814E6AB0D2}
		{7B4A0237-7E31-45F1-AF08-814EE960044A} = {E487432C-6413-42AB-A5AC-A6814E6AB0D2}
		{F2A0BD11-C7E0-4B4F-A78C-84165CE497EE} = {E487432C-6413-42AB-A5AC-A6814E6AB0D2}
		{0BC31C26-877B-4E28-9ABE-24BAA8173B96} = {E487432C-6413-42AB-A5AC-A6814E6AB0D2}
		{F8987A4A-A5FB-4DD3-9C01-BDADF772AC1F} = {E487432C-6413-42AB-A5AC-A6814E6AB0D2}
		{84A95E39-57A6-4F18-ACD3-63E78253F28C} = {E487432C-6413-42AB-A5AC-A6814E6AB0D2}
		{43E01407-449C-45D8-9208-FC53079889D5} = {E487432C-6413-42AB-A5AC-A6814E6AB0D2}
	EndGlobalSection
	GlobalSection(ExtensibilityGlobals) = postSolution
		SolutionGuid = {603052D6-616D-4847-9A71-9F652B888F72}
	EndGlobalSection
EndGlobal
