
Microsoft Visual Studio Solution File, Format Version 12.00
# Visual Studio Version 16
VisualStudioVersion = 16.0.29025.244
MinimumVisualStudioVersion = 10.0.40219.1
Project("{F184B08F-C81C-45F6-A57F-5ABD9991F28F}") = "AutomaticDrawing", "AutomaticDrawing\AutomaticDrawing.vbproj", "{32691263-3086-4B38-984C-0CFAF8469ADA}"
EndProject
Project("{2150E333-8FDC-42A3-9474-1A3956D46DE8}") = "Libraries", "Libraries", "{E487432C-6413-42AB-A5AC-A6814E6AB0D2}"
EndProject
Project("{2150E333-8FDC-42A3-9474-1A3956D46DE8}") = "App", "App", "{078A76AE-9BFF-4C9B-9AFB-F148912593B1}"
EndProject
Project("{9A19103F-16F7-4668-BE54-9A1E7A4F7556}") = "AutoPaint.Core", "AutoPaint.Core\AutoPaint.Core.csproj", "{B78BA26A-DBA4-4A50-820D-3937C74E0AAF}"
EndProject
Project("{9A19103F-16F7-4668-BE54-9A1E7A4F7556}") = "AutoPaint.Painter.BitmapAnimation", "AutoPaint.Painter.BitmapAnimation\AutoPaint.Painter.BitmapAnimation.csproj", "{3DB9C568-33A8-49DC-A2F8-F00DC122F70B}"
EndProject
Project("{9A19103F-16F7-4668-BE54-9A1E7A4F7556}") = "AutoPaint.Painter.MouseAnimation", "AutoPaint.Painter.MouseAnimation\AutoPaint.Painter.MouseAnimation.csproj", "{E7A05C29-A13A-4D25-BD50-D96EB22AB603}"
EndProject
Project("{9A19103F-16F7-4668-BE54-9A1E7A4F7556}") = "AutoPaint.Utilities", "AutoPaint.Utilities\AutoPaint.Utilities.csproj", "{3C743BC0-8C1A-4997-86AB-CF01E2FDCF53}"
EndProject
Project("{9A19103F-16F7-4668-BE54-9A1E7A4F7556}") = "AutoPaint.Utilities.Bitmap", "AutoPaint.Utilities.Bitmap\AutoPaint.Utilities.Bitmap.csproj", "{9934E28C-F1F3-4585-A3F6-0BCD624E47F1}"
EndProject
Project("{9A19103F-16F7-4668-BE54-9A1E7A4F7556}") = "AutoPaint.Utilities.Keyboard", "AutoPaint.Utilities.Keyboard\AutoPaint.Utilities.Keyboard.csproj", "{7EF01E94-006E-4C7D-BD11-5C8855FC7715}"
EndProject
Project("{9A19103F-16F7-4668-BE54-9A1E7A4F7556}") = "AutoPaint.Recognition.FastAI", "AutoPaint.Recognition.FastAI\AutoPaint.Recognition.FastAI.csproj", "{A905B676-3DA6-4571-A8A9-EF510C979EED}"
EndProject
Project("{2150E333-8FDC-42A3-9474-1A3956D46DE8}") = "Recognition", "Recognition", "{159B08C3-0A23-4B55-9CFC-F4F7F8274C57}"
EndProject
Project("{2150E333-8FDC-42A3-9474-1A3956D46DE8}") = "Core", "Core", "{48894E2B-FBDA-49D8-906D-782630CEA38C}"
EndProject
Project("{2150E333-8FDC-42A3-9474-1A3956D46DE8}") = "Painter", "Painter", "{60C2BF48-ADF7-440B-9612-B10EAE8865A0}"
EndProject
Project("{2150E333-8FDC-42A3-9474-1A3956D46DE8}") = "Utilities", "Utilities", "{AEF990E1-B4CE-4B29-879A-E0491B1103CD}"
EndProject
Project("{FAE04EC0-301F-11D3-BF4B-00C04F79EFBC}") = "AutoPaint.Recognition.Clustering", "AutoPaint.Recognition.Clustering\AutoPaint.Recognition.Clustering.csproj", "{2BD22758-FE39-4DF1-B093-07145A0477E6}"
EndProject
Global
	GlobalSection(SolutionConfigurationPlatforms) = preSolution
		Debug|Any CPU = Debug|Any CPU
		Release|Any CPU = Release|Any CPU
	EndGlobalSection
	GlobalSection(ProjectConfigurationPlatforms) = postSolution
		{32691263-3086-4B38-984C-0CFAF8469ADA}.Debug|Any CPU.ActiveCfg = Debug|Any CPU
		{32691263-3086-4B38-984C-0CFAF8469ADA}.Debug|Any CPU.Build.0 = Debug|Any CPU
		{32691263-3086-4B38-984C-0CFAF8469ADA}.Release|Any CPU.ActiveCfg = Release|Any CPU
		{32691263-3086-4B38-984C-0CFAF8469ADA}.Release|Any CPU.Build.0 = Release|Any CPU
		{B78BA26A-DBA4-4A50-820D-3937C74E0AAF}.Debug|Any CPU.ActiveCfg = Debug|Any CPU
		{B78BA26A-DBA4-4A50-820D-3937C74E0AAF}.Debug|Any CPU.Build.0 = Debug|Any CPU
		{B78BA26A-DBA4-4A50-820D-3937C74E0AAF}.Release|Any CPU.ActiveCfg = Release|Any CPU
		{B78BA26A-DBA4-4A50-820D-3937C74E0AAF}.Release|Any CPU.Build.0 = Release|Any CPU
		{3DB9C568-33A8-49DC-A2F8-F00DC122F70B}.Debug|Any CPU.ActiveCfg = Debug|Any CPU
		{3DB9C568-33A8-49DC-A2F8-F00DC122F70B}.Debug|Any CPU.Build.0 = Debug|Any CPU
		{3DB9C568-33A8-49DC-A2F8-F00DC122F70B}.Release|Any CPU.ActiveCfg = Release|Any CPU
		{3DB9C568-33A8-49DC-A2F8-F00DC122F70B}.Release|Any CPU.Build.0 = Release|Any CPU
		{E7A05C29-A13A-4D25-BD50-D96EB22AB603}.Debug|Any CPU.ActiveCfg = Debug|Any CPU
		{E7A05C29-A13A-4D25-BD50-D96EB22AB603}.Debug|Any CPU.Build.0 = Debug|Any CPU
		{E7A05C29-A13A-4D25-BD50-D96EB22AB603}.Release|Any CPU.ActiveCfg = Release|Any CPU
		{E7A05C29-A13A-4D25-BD50-D96EB22AB603}.Release|Any CPU.Build.0 = Release|Any CPU
		{3C743BC0-8C1A-4997-86AB-CF01E2FDCF53}.Debug|Any CPU.ActiveCfg = Debug|Any CPU
		{3C743BC0-8C1A-4997-86AB-CF01E2FDCF53}.Debug|Any CPU.Build.0 = Debug|Any CPU
		{3C743BC0-8C1A-4997-86AB-CF01E2FDCF53}.Release|Any CPU.ActiveCfg = Release|Any CPU
		{3C743BC0-8C1A-4997-86AB-CF01E2FDCF53}.Release|Any CPU.Build.0 = Release|Any CPU
		{9934E28C-F1F3-4585-A3F6-0BCD624E47F1}.Debug|Any CPU.ActiveCfg = Debug|Any CPU
		{9934E28C-F1F3-4585-A3F6-0BCD624E47F1}.Debug|Any CPU.Build.0 = Debug|Any CPU
		{9934E28C-F1F3-4585-A3F6-0BCD624E47F1}.Release|Any CPU.ActiveCfg = Release|Any CPU
		{9934E28C-F1F3-4585-A3F6-0BCD624E47F1}.Release|Any CPU.Build.0 = Release|Any CPU
		{7EF01E94-006E-4C7D-BD11-5C8855FC7715}.Debug|Any CPU.ActiveCfg = Debug|Any CPU
		{7EF01E94-006E-4C7D-BD11-5C8855FC7715}.Debug|Any CPU.Build.0 = Debug|Any CPU
		{7EF01E94-006E-4C7D-BD11-5C8855FC7715}.Release|Any CPU.ActiveCfg = Release|Any CPU
		{7EF01E94-006E-4C7D-BD11-5C8855FC7715}.Release|Any CPU.Build.0 = Release|Any CPU
		{A905B676-3DA6-4571-A8A9-EF510C979EED}.Debug|Any CPU.ActiveCfg = Debug|Any CPU
		{A905B676-3DA6-4571-A8A9-EF510C979EED}.Debug|Any CPU.Build.0 = Debug|Any CPU
		{A905B676-3DA6-4571-A8A9-EF510C979EED}.Release|Any CPU.ActiveCfg = Release|Any CPU
		{A905B676-3DA6-4571-A8A9-EF510C979EED}.Release|Any CPU.Build.0 = Release|Any CPU
		{2BD22758-FE39-4DF1-B093-07145A0477E6}.Debug|Any CPU.ActiveCfg = Debug|Any CPU
		{2BD22758-FE39-4DF1-B093-07145A0477E6}.Debug|Any CPU.Build.0 = Debug|Any CPU
		{2BD22758-FE39-4DF1-B093-07145A0477E6}.Release|Any CPU.ActiveCfg = Release|Any CPU
		{2BD22758-FE39-4DF1-B093-07145A0477E6}.Release|Any CPU.Build.0 = Release|Any CPU
	EndGlobalSection
	GlobalSection(SolutionProperties) = preSolution
		HideSolutionNode = FALSE
	EndGlobalSection
	GlobalSection(NestedProjects) = preSolution
		{32691263-3086-4B38-984C-0CFAF8469ADA} = {078A76AE-9BFF-4C9B-9AFB-F148912593B1}
		{B78BA26A-DBA4-4A50-820D-3937C74E0AAF} = {48894E2B-FBDA-49D8-906D-782630CEA38C}
		{3DB9C568-33A8-49DC-A2F8-F00DC122F70B} = {60C2BF48-ADF7-440B-9612-B10EAE8865A0}
		{E7A05C29-A13A-4D25-BD50-D96EB22AB603} = {60C2BF48-ADF7-440B-9612-B10EAE8865A0}
		{3C743BC0-8C1A-4997-86AB-CF01E2FDCF53} = {AEF990E1-B4CE-4B29-879A-E0491B1103CD}
		{9934E28C-F1F3-4585-A3F6-0BCD624E47F1} = {AEF990E1-B4CE-4B29-879A-E0491B1103CD}
		{7EF01E94-006E-4C7D-BD11-5C8855FC7715} = {AEF990E1-B4CE-4B29-879A-E0491B1103CD}
		{A905B676-3DA6-4571-A8A9-EF510C979EED} = {159B08C3-0A23-4B55-9CFC-F4F7F8274C57}
		{159B08C3-0A23-4B55-9CFC-F4F7F8274C57} = {E487432C-6413-42AB-A5AC-A6814E6AB0D2}
		{48894E2B-FBDA-49D8-906D-782630CEA38C} = {E487432C-6413-42AB-A5AC-A6814E6AB0D2}
		{60C2BF48-ADF7-440B-9612-B10EAE8865A0} = {E487432C-6413-42AB-A5AC-A6814E6AB0D2}
		{AEF990E1-B4CE-4B29-879A-E0491B1103CD} = {E487432C-6413-42AB-A5AC-A6814E6AB0D2}
		{2BD22758-FE39-4DF1-B093-07145A0477E6} = {159B08C3-0A23-4B55-9CFC-F4F7F8274C57}
	EndGlobalSection
	GlobalSection(ExtensibilityGlobals) = postSolution
		SolutionGuid = {603052D6-616D-4847-9A71-9F652B888F72}
	EndGlobalSection
EndGlobal
